
Microsoft Visual Studio Solution File, Format Version 12.00
# Visual Studio Version 17
VisualStudioVersion = 17.1.31911.260
MinimumVisualStudioVersion = 10.0.40219.1
Project("{9A19103F-16F7-4668-BE54-9A1E7A4F7556}") = "DefaultWebAPI", "DefaultWebAPI\DefaultWebAPI.csproj", "{0E088B6D-BE9E-425C-B573-CAD77363B2F1}"
EndProject
Project("{2150E333-8FDC-42A3-9474-1A3956D46DE8}") = "LinkCollection", "LinkCollection", "{408E9621-8755-4BA0-8994-111CFA20F5BE}"
	ProjectSection(SolutionItems) = preProject
		LinkCollection.txt = LinkCollection.txt
	EndProjectSection
EndProject
Project("{9A19103F-16F7-4668-BE54-9A1E7A4F7556}") = "ServiceCollectionServiceProviderSample", "ServiceCollectionServiceProviderSample\ServiceCollectionServiceProviderSample.csproj", "{2ECB87C7-B42D-4DC2-BFF0-7975B2A4A151}"
EndProject
Project("{9A19103F-16F7-4668-BE54-9A1E7A4F7556}") = "DIScopeVsTransientVsSingletonSample", "..\DIScopeVsTransientVsSingletonSample\DIScopeVsTransientVsSingletonSample.csproj", "{D9D43217-BCDF-4F3F-93B6-A129E7F63A42}"
EndProject
Project("{2150E333-8FDC-42A3-9474-1A3956D46DE8}") = "Solution Items", "Solution Items", "{1AE0D624-F7DF-4BD4-AAA4-278245682E46}"
	ProjectSection(SolutionItems) = preProject
		..\Agenda.md = ..\Agenda.md
	EndProjectSection
EndProject
Project("{9A19103F-16F7-4668-BE54-9A1E7A4F7556}") = "WebAPICourseService", "WebAPICourseService\WebAPICourseService.csproj", "{F275A813-B9E3-4FFF-94BF-8634DA553000}"
EndProject
Project("{9A19103F-16F7-4668-BE54-9A1E7A4F7556}") = "HttpClientVCardAndXMLSample", "HttpClientVCardAndXMLSample\HttpClientVCardAndXMLSample.csproj", "{2436F90E-6E3B-4B85-B772-0E7CABB491EA}"
EndProject
Project("{9A19103F-16F7-4668-BE54-9A1E7A4F7556}") = "WebAPI_With_WindowsAuthentification", "WebAPI_With_WindowsAuthentification\WebAPI_With_WindowsAuthentification.csproj", "{3C3ECBBE-8226-4EB1-A820-0F897FABAEBE}"
EndProject
Project("{9A19103F-16F7-4668-BE54-9A1E7A4F7556}") = "DefaultSwaggerClient", "DefaultSwaggerClient\DefaultSwaggerClient.csproj", "{1975EA35-9B53-4864-8735-8FFFFB4DFC37}"
EndProject
Project("{9A19103F-16F7-4668-BE54-9A1E7A4F7556}") = "MovieAPIService", "MovieAPIService\MovieAPIService.csproj", "{0C5AF165-F4D6-48BD-8782-6CA4B6FEFE97}"
EndProject
Project("{9A19103F-16F7-4668-BE54-9A1E7A4F7556}") = "MovieAPIClient", "MovieAPIClient\MovieAPIClient.csproj", "{C7057762-4054-4E7C-8824-2166BC320AC4}"
EndProject
Project("{FAE04EC0-301F-11D3-BF4B-00C04F79EFBC}") = "MovieClientNET6", "MovieClientNET6\MovieClientNET6.csproj", "{764BC08E-46B5-4D0D-83DA-E6D1DCF288D1}"
EndProject
Global
	GlobalSection(SolutionConfigurationPlatforms) = preSolution
		Debug|Any CPU = Debug|Any CPU
		Release|Any CPU = Release|Any CPU
	EndGlobalSection
	GlobalSection(ProjectConfigurationPlatforms) = postSolution
		{0E088B6D-BE9E-425C-B573-CAD77363B2F1}.Debug|Any CPU.ActiveCfg = Debug|Any CPU
		{0E088B6D-BE9E-425C-B573-CAD77363B2F1}.Debug|Any CPU.Build.0 = Debug|Any CPU
		{0E088B6D-BE9E-425C-B573-CAD77363B2F1}.Release|Any CPU.ActiveCfg = Release|Any CPU
		{0E088B6D-BE9E-425C-B573-CAD77363B2F1}.Release|Any CPU.Build.0 = Release|Any CPU
		{2ECB87C7-B42D-4DC2-BFF0-7975B2A4A151}.Debug|Any CPU.ActiveCfg = Debug|Any CPU
		{2ECB87C7-B42D-4DC2-BFF0-7975B2A4A151}.Debug|Any CPU.Build.0 = Debug|Any CPU
		{2ECB87C7-B42D-4DC2-BFF0-7975B2A4A151}.Release|Any CPU.ActiveCfg = Release|Any CPU
		{2ECB87C7-B42D-4DC2-BFF0-7975B2A4A151}.Release|Any CPU.Build.0 = Release|Any CPU
		{D9D43217-BCDF-4F3F-93B6-A129E7F63A42}.Debug|Any CPU.ActiveCfg = Debug|Any CPU
		{D9D43217-BCDF-4F3F-93B6-A129E7F63A42}.Debug|Any CPU.Build.0 = Debug|Any CPU
		{D9D43217-BCDF-4F3F-93B6-A129E7F63A42}.Release|Any CPU.ActiveCfg = Release|Any CPU
		{D9D43217-BCDF-4F3F-93B6-A129E7F63A42}.Release|Any CPU.Build.0 = Release|Any CPU
		{F275A813-B9E3-4FFF-94BF-8634DA553000}.Debug|Any CPU.ActiveCfg = Debug|Any CPU
		{F275A813-B9E3-4FFF-94BF-8634DA553000}.Debug|Any CPU.Build.0 = Debug|Any CPU
		{F275A813-B9E3-4FFF-94BF-8634DA553000}.Release|Any CPU.ActiveCfg = Release|Any CPU
		{F275A813-B9E3-4FFF-94BF-8634DA553000}.Release|Any CPU.Build.0 = Release|Any CPU
		{2436F90E-6E3B-4B85-B772-0E7CABB491EA}.Debug|Any CPU.ActiveCfg = Debug|Any CPU
		{2436F90E-6E3B-4B85-B772-0E7CABB491EA}.Debug|Any CPU.Build.0 = Debug|Any CPU
		{2436F90E-6E3B-4B85-B772-0E7CABB491EA}.Release|Any CPU.ActiveCfg = Release|Any CPU
		{2436F90E-6E3B-4B85-B772-0E7CABB491EA}.Release|Any CPU.Build.0 = Release|Any CPU
		{3C3ECBBE-8226-4EB1-A820-0F897FABAEBE}.Debug|Any CPU.ActiveCfg = Debug|Any CPU
		{3C3ECBBE-8226-4EB1-A820-0F897FABAEBE}.Debug|Any CPU.Build.0 = Debug|Any CPU
		{3C3ECBBE-8226-4EB1-A820-0F897FABAEBE}.Release|Any CPU.ActiveCfg = Release|Any CPU
		{3C3ECBBE-8226-4EB1-A820-0F897FABAEBE}.Release|Any CPU.Build.0 = Release|Any CPU
		{1975EA35-9B53-4864-8735-8FFFFB4DFC37}.Debug|Any CPU.ActiveCfg = Debug|Any CPU
		{1975EA35-9B53-4864-8735-8FFFFB4DFC37}.Debug|Any CPU.Build.0 = Debug|Any CPU
		{1975EA35-9B53-4864-8735-8FFFFB4DFC37}.Release|Any CPU.ActiveCfg = Release|Any CPU
		{1975EA35-9B53-4864-8735-8FFFFB4DFC37}.Release|Any CPU.Build.0 = Release|Any CPU
		{0C5AF165-F4D6-48BD-8782-6CA4B6FEFE97}.Debug|Any CPU.ActiveCfg = Debug|Any CPU
		{0C5AF165-F4D6-48BD-8782-6CA4B6FEFE97}.Debug|Any CPU.Build.0 = Debug|Any CPU
		{0C5AF165-F4D6-48BD-8782-6CA4B6FEFE97}.Release|Any CPU.ActiveCfg = Release|Any CPU
		{0C5AF165-F4D6-48BD-8782-6CA4B6FEFE97}.Release|Any CPU.Build.0 = Release|Any CPU
		{C7057762-4054-4E7C-8824-2166BC320AC4}.Debug|Any CPU.ActiveCfg = Debug|Any CPU
		{C7057762-4054-4E7C-8824-2166BC320AC4}.Debug|Any CPU.Build.0 = Debug|Any CPU
		{C7057762-4054-4E7C-8824-2166BC320AC4}.Release|Any CPU.ActiveCfg = Release|Any CPU
		{C7057762-4054-4E7C-8824-2166BC320AC4}.Release|Any CPU.Build.0 = Release|Any CPU
		{764BC08E-46B5-4D0D-83DA-E6D1DCF288D1}.Debug|Any CPU.ActiveCfg = Debug|Any CPU
		{764BC08E-46B5-4D0D-83DA-E6D1DCF288D1}.Debug|Any CPU.Build.0 = Debug|Any CPU
		{764BC08E-46B5-4D0D-83DA-E6D1DCF288D1}.Release|Any CPU.ActiveCfg = Release|Any CPU
		{764BC08E-46B5-4D0D-83DA-E6D1DCF288D1}.Release|Any CPU.Build.0 = Release|Any CPU
	EndGlobalSection
	GlobalSection(SolutionProperties) = preSolution
		HideSolutionNode = FALSE
	EndGlobalSection
	GlobalSection(ExtensibilityGlobals) = postSolution
		SolutionGuid = {A310EDB8-9F65-4501-86BA-97B4852604B6}
	EndGlobalSection
EndGlobal
